{
  "nodes": {
    "copyparty": {
      "inputs": {
        "flake-utils": [
          "flake-utils"
        ],
        "nixpkgs": [
          "nixpkgs"
        ]
      },
      "locked": {
        "lastModified": 1783882035,
        "narHash": "sha256-pkzLrA8E07RerGgaN3dkA7gy2NC+QEUeIHQuYUiDdEU=",
        "owner": "9001",
        "repo": "copyparty",
        "rev": "daee3e85001a7bb8716577e84b01aafce8f813bb",
        "type": "github"
      },
      "original": {
        "owner": "9001",
        "repo": "copyparty",
        "type": "github"
      }
    },
    "factorio-blueprints": {
      "flake": false,
      "locked": {
        "lastModified": 1742511960,
        "narHash": "sha256-MpnWKV69IuX9LBSWMeiff9vJmZzCIQmDHi1gg0Zt1M4=",
        "owner": "kieranknowles1",
        "repo": "factorio-blueprints",
        "rev": "368e0d569f57a6f5e087223c56c969589d1e81e9",
        "type": "github"
      },
      "original": {
        "owner": "kieranknowles1",
        "repo": "factorio-blueprints",
        "type": "github"
      }
    },
    "firefox-addons": {
      "inputs": {
        "nixpkgs": [
          "nixpkgs"
        ]
      },
      "locked": {
        "dir": "pkgs/firefox-addons",
        "lastModified": 1784001764,
        "narHash": "sha256-vf1MXsM49y/Du0tMvSCuRkItYaBgj+pOyB3T3Q9EQc4=",
        "owner": "rycee",
        "repo": "nur-expressions",
        "rev": "a3569b6df9a8071c156af09c2b3f1ffc32d758b9",
        "type": "gitlab"
      },
      "original": {
        "dir": "pkgs/firefox-addons",
        "owner": "rycee",
        "ref": "master",
        "repo": "nur-expressions",
        "type": "gitlab"
      }
    },
    "flake-parts": {
      "inputs": {
        "nixpkgs-lib": [
          "nixpkgs"
        ]
      },
      "locked": {
        "lastModified": 1782949081,
        "narHash": "sha256-vp6Y/Grm98ESt6ceOkWiHWyZRDV3J1RID4w+6NWK9yA=",
        "owner": "hercules-ci",
        "repo": "flake-parts",
        "rev": "17c9d6cdfc60c64f4ee8d306f9bc0b4ccb51481e",
        "type": "github"
      },
      "original": {
        "owner": "hercules-ci",
        "repo": "flake-parts",
        "type": "github"
      }
    },
    "flake-utils": {
      "inputs": {
        "systems": [
          "systems"
        ]
      },
      "locked": {
        "lastModified": 1731533236,
        "narHash": "sha256-l0KFg5HjrsfsO/JpG+r7fRrqm12kzFHyUHqHCVpMMbI=",
        "owner": "numtide",
        "repo": "flake-utils",
        "rev": "11707dc2f618dd54ca8739b309ec4fc024de578b",
        "type": "github"
      },
      "original": {
        "owner": "numtide",
        "repo": "flake-utils",
        "type": "github"
      }
    },
    "home-manager": {
      "inputs": {
        "nixpkgs": [
          "nixpkgs"
        ]
      },
      "locked": {
        "lastModified": 1783963347,
        "narHash": "sha256-r376E2XpakiXwModDHIxlvB6qLq4iFVEq730vxOO4JY=",
        "owner": "nix-community",
        "repo": "home-manager",
        "rev": "a45a7c451455a51ae740ec3bce4024b312809c29",
        "type": "github"
      },
      "original": {
        "owner": "nix-community",
        "ref": "master",
        "repo": "home-manager",
        "type": "github"
      }
    },
    "ixx": {
      "inputs": {
        "flake-utils": [
          "flake-utils"
        ],
        "nixpkgs": [
          "nixpkgs"
        ]
      },
      "locked": {
        "lastModified": 1782890996,
        "narHash": "sha256-J1Van003UT2MWqOkIQGub9OMcgTQVneoAxlCEJXs9RA=",
        "owner": "NuschtOS",
        "repo": "ixx",
        "rev": "29eb47c4c86a354b44bb6216cbafc515d85428e4",
        "type": "github"
      },
      "original": {
        "owner": "NuschtOS",
        "repo": "ixx",
        "type": "github"
      }
    },
    "nix-index-database": {
      "inputs": {
        "nixpkgs": [
          "nixpkgs"
        ]
      },
      "locked": {
        "lastModified": 1783864904,
        "narHash": "sha256-BQxN5UMg9FOevAsgBRwPxfxlh51Puj+dNn/8Dsi3sPM=",
        "owner": "nix-community",
        "repo": "nix-index-database",
        "rev": "1111b9bc836afb7e31a7014e8d1272de9b1c917d",
        "type": "github"
      },
      "original": {
        "owner": "nix-community",
        "repo": "nix-index-database",
        "type": "github"
      }
    },
    "nix-index-database_2": {
      "inputs": {
        "nixpkgs": [
          "nuschtosSearch",
          "nixpkgs"
        ]
      },
      "locked": {
        "lastModified": 1782636943,
        "narHash": "sha256-ripjZa7BBLwL1uS5VJF3s/VpZpWt5ZIQEvkJ/FJNpQw=",
        "owner": "Mic92",
        "repo": "nix-index-database",
        "rev": "058b1f9381fa79fcda49982370a750ff92dbba43",
        "type": "github"
      },
      "original": {
        "owner": "Mic92",
        "repo": "nix-index-database",
        "type": "github"
      }
    },
    "nix-minecraft": {
      "inputs": {
        "flake-compat": [],
        "nixpkgs": [
          "nixpkgs"
        ],
        "systems": [
          "systems"
        ]
      },
      "locked": {
        "lastModified": 1783980112,
        "narHash": "sha256-U8BMh76cqU8sdntzFZLEaSoGNJSxPqx9X9C111FEES8=",
        "owner": "Infinidoge",
        "repo": "nix-minecraft",
        "rev": "bc2892356196d638d503d8cae8111dfd0247c729",
        "type": "github"
      },
      "original": {
        "owner": "Infinidoge",
        "repo": "nix-minecraft",
        "type": "github"
      }
    },
    "nix-topology": {
      "inputs": {
        "flake-parts": [
          "flake-parts"
        ],
        "nixpkgs": [
          "nixpkgs"
        ]
      },
      "locked": {
        "lastModified": 1782153600,
        "narHash": "sha256-Vbkgl7/x8+Gg0gMe94EStfIfNC4bHQIbaZrIAxpuQ/w=",
        "owner": "oddlama",
        "repo": "nix-topology",
        "rev": "e61876f548e4f301d63640d30ecc1305c05c3986",
        "type": "github"
      },
      "original": {
        "owner": "oddlama",
        "repo": "nix-topology",
        "type": "github"
      }
    },
    "nixos-raspberrypi": {
      "inputs": {
        "argononed": [],
        "flake-compat": [],
        "nixos-images": [],
        "nixpkgs": "nixpkgs"
      },
      "locked": {
        "lastModified": 1783956693,
        "narHash": "sha256-3qkLbPLBaSzeLsg30WuMV7R8Xg7mFstqYfcjnMt2UcE=",
        "owner": "nvmd",
        "repo": "nixos-raspberrypi",
        "rev": "cd985a201b8da917676b10125d97a20fed9736db",
        "type": "github"
      },
      "original": {
        "owner": "nvmd",
        "repo": "nixos-raspberrypi",
        "type": "github"
      }
    },
    "nixos-raspberrypi-kernellock": {
      "inputs": {
        "argononed": [],
        "flake-compat": [],
        "nixos-images": [],
        "nixpkgs": [
          "nixpkgs-locked"
        ]
      },
      "locked": {
        "lastModified": 1783722575,
        "narHash": "sha256-t1YKHlJQoksU8gzxzYrhYA0gNOcYCzTcRImvN6l2LSI=",
        "owner": "nvmd",
        "repo": "nixos-raspberrypi",
        "rev": "b147cc92fdad17107ce0bf069d13517051781629",
        "type": "github"
      },
      "original": {
        "owner": "nvmd",
        "ref": "b147cc92fdad17107ce0bf069d13517051781629",
        "repo": "nixos-raspberrypi",
        "type": "github"
      }
    },
    "nixpkgs": {
      "locked": {
        "lastModified": 1777954456,
        "narHash": "sha256-hGdgeU2Nk87RAuZyYjyDjFL6LK7dAZN5RE9+hrDTkDU=",
        "owner": "nixos",
        "repo": "nixpkgs",
        "rev": "549bd84d6279f9852cae6225e372cc67fb91a4c1",
        "type": "github"
      },
      "original": {
        "owner": "nixos",
        "ref": "549bd84d6279f9852cae6225e372cc67fb91a4c1",
        "repo": "nixpkgs",
        "type": "github"
      }
    },
    "nixpkgs-locked": {
      "locked": {
        "lastModified": 1783776592,
        "narHash": "sha256-UgCQzxeWI75XM8G+hPrPh+MKzEPjG3SpAj7dtqSbksA=",
        "owner": "NixOS",
        "repo": "nixpkgs",
        "rev": "e7a3ca8092b61ff85b6a45bf863ea2b2d6a661b3",
        "type": "github"
      },
      "original": {
        "owner": "NixOS",
        "ref": "e7a3ca8092b61ff85b6a45bf863ea2b2d6a661b3",
        "repo": "nixpkgs",
        "type": "github"
      }
    },
    "nixpkgs_2": {
      "locked": {
        "lastModified": 1784007870,
        "narHash": "sha256-djcLt/JJphyNt4eDY9XTly+/WbCK5lqWq9lSgCmJkkQ=",
        "owner": "NixOS",
        "repo": "nixpkgs",
        "rev": "18b9261cb3294b6d2a06d03f96872827b8fe2698",
        "type": "github"
      },
      "original": {
        "owner": "NixOS",
        "ref": "nixos-unstable",
        "repo": "nixpkgs",
        "type": "github"
      }
    },
    "nuschtosSearch": {
      "inputs": {
        "flake-utils": [
          "flake-utils"
        ],
        "ixx": [
          "ixx"
        ],
        "nix-index-database": "nix-index-database_2",
        "nixpkgs": [
          "nixpkgs"
        ]
      },
      "locked": {
        "lastModified": 1783122967,
        "narHash": "sha256-/6Dgbk7iCzU9UCK1lV2cQjlHkh0L0/E9QmTyktK0ZnM=",
        "owner": "NuschtOS",
        "repo": "search",
        "rev": "36d55b5d41b1f0abd71ecdcee91553480689c376",
        "type": "github"
      },
      "original": {
        "owner": "NuschtOS",
        "repo": "search",
        "type": "github"
      }
    },
    "root": {
      "inputs": {
        "copyparty": "copyparty",
        "factorio-blueprints": "factorio-blueprints",
        "firefox-addons": "firefox-addons",
        "flake-parts": "flake-parts",
        "flake-utils": "flake-utils",
        "home-manager": "home-manager",
        "ixx": "ixx",
        "nix-index-database": "nix-index-database",
        "nix-minecraft": "nix-minecraft",
        "nix-topology": "nix-topology",
        "nixos-raspberrypi": "nixos-raspberrypi",
        "nixos-raspberrypi-kernellock": "nixos-raspberrypi-kernellock",
        "nixpkgs": "nixpkgs_2",
        "nixpkgs-locked": "nixpkgs-locked",
        "nuschtosSearch": "nuschtosSearch",
        "selwonklib": "selwonklib",
        "sops-nix": "sops-nix",
        "src-openmw": "src-openmw",
        "src-tldr": "src-tldr",
        "systems": "systems",
        "treefmt-nix": "treefmt-nix",
        "vscode-extensions": "vscode-extensions"
      }
    },
    "selwonklib": {
      "flake": false,
      "locked": {
        "lastModified": 1780949582,
        "narHash": "sha256-4Ny+2nRhalAWriZndNGencI+ldEGCJmTBMtWLbCE2tA=",
        "owner": "kieranknowles1",
        "repo": "selwonklib",
        "rev": "f82afd8a524a653cc65a588121809cae5b96e0db",
        "type": "github"
      },
      "original": {
        "owner": "kieranknowles1",
        "repo": "selwonklib",
        "type": "github"
      }
    },
    "sops-nix": {
      "inputs": {
        "nixpkgs": [
          "nixpkgs"
        ]
      },
      "locked": {
        "lastModified": 1783174389,
        "narHash": "sha256-aCWC8ngycU7OdJrU2+Je3qf+1a2ykuBvpPhZT/9tXMc=",
        "owner": "Mic92",
        "repo": "sops-nix",
        "rev": "f1406619a3884cd5c47992a70b8b35c9c0fcb4c9",
        "type": "github"
      },
      "original": {
        "owner": "Mic92",
        "repo": "sops-nix",
        "type": "github"
      }
    },
    "src-openmw": {
      "flake": false,
      "locked": {
        "lastModified": 1762465642,
        "narHash": "sha256-gOJAWaLu6Z27t3wpNpRH+9OsTp6zuHyBX3Gi0bNoCBY=",
        "owner": "kieranjohn1",
        "repo": "openmw",
        "rev": "03870516a4323a3a72634e029fa6d0ee5909e038",
        "type": "gitlab"
      },
      "original": {
        "owner": "kieranjohn1",
        "repo": "openmw",
        "type": "gitlab"
      }
    },
    "src-tldr": {
      "flake": false,
      "locked": {
        "lastModified": 1784055405,
        "narHash": "sha256-ik63COORprwGy6qNHecOpPCeDL7VD0nkgGtPYbIZYLo=",
        "owner": "tldr-pages",
        "repo": "tldr",
        "rev": "e6a447f0ba092d076f3a246cd66cd1e61b52eb4d",
        "type": "github"
      },
      "original": {
        "owner": "tldr-pages",
        "repo": "tldr",
        "type": "github"
      }
    },
    "systems": {
      "locked": {
        "lastModified": 1689347949,
        "narHash": "sha256-12tWmuL2zgBgZkdoB6qXZsgJEH9LR3oUgpaQq2RbI80=",
        "owner": "nix-systems",
        "repo": "default-linux",
        "rev": "31732fcf5e8fea42e59c2488ad31a0e651500f68",
        "type": "github"
      },
      "original": {
        "owner": "nix-systems",
        "repo": "default-linux",
        "type": "github"
      }
    },
    "treefmt-nix": {
      "inputs": {
        "nixpkgs": [
          "nixpkgs"
        ]
      },
      "locked": {
        "lastModified": 1780220602,
        "narHash": "sha256-eynAfOmbmxJnkp7YewvCEbShNnnYJ9gLLqkzsYtBPeM=",
        "owner": "numtide",
        "repo": "treefmt-nix",
        "rev": "db947814a175b7ca6ded66e21383d938df01c227",
        "type": "github"
      },
      "original": {
        "owner": "numtide",
        "repo": "treefmt-nix",
        "type": "github"
      }
    },
    "vscode-extensions": {
      "inputs": {
        "nixpkgs": [
          "nixpkgs"
        ]
      },
      "locked": {
        "lastModified": 1783997659,
        "narHash": "sha256-JbjWx3EfJxRBUhMlgwOi4hblgC9bUyJYR8beF2lfZtQ=",
        "owner": "nix-community",
        "repo": "nix-vscode-extensions",
        "rev": "e58f630efacbb99d2d2b60b83da8f57ba2a773f5",
        "type": "github"
      },
      "original": {
        "owner": "nix-community",
        "repo": "nix-vscode-extensions",
        "type": "github"
      }
    }
  },
  "root": "root",
  "version": 7
}
