{
  "nodes": {
    "base16": {
      "inputs": {
        "fromYaml": "fromYaml"
      },
      "locked": {
        "lastModified": 1746562888,
        "narHash": "sha256-YgNJQyB5dQiwavdDFBMNKk1wyS77AtdgDk/VtU6wEaI=",
        "owner": "SenchoPens",
        "repo": "base16.nix",
        "rev": "806a1777a5db2a1ef9d5d6f493ef2381047f2b89",
        "type": "github"
      },
      "original": {
        "owner": "SenchoPens",
        "repo": "base16.nix",
        "type": "github"
      }
    },
    "clan-core": {
      "inputs": {
        "data-mesher": [],
        "disko": [],
        "flake-parts": [
          "flake-parts"
        ],
        "nix-darwin": [],
        "nix-select": "nix-select",
        "nixos-facter-modules": [],
        "nixpkgs": [
          "nixpkgs"
        ],
        "sops-nix": [],
        "systems": [
          "systems"
        ],
        "treefmt-nix": [
          "treefmt-nix"
        ]
      },
      "locked": {
        "lastModified": 1748689124,
        "narHash": "sha256-dX1IZvKxKHs9ZZTa+49i9KRlModAD9qYpAacZEVfL5I=",
        "ref": "refs/heads/main",
        "rev": "6b1340d775c04f0ec3c340a2b48a37e4fad07de0",
        "revCount": 7295,
        "type": "git",
        "url": "https://git.clan.lol/clan/clan-core"
      },
      "original": {
        "type": "git",
        "url": "https://git.clan.lol/clan/clan-core"
      }
    },
    "factorio-blueprints": {
      "flake": false,
      "locked": {
        "lastModified": 1742511960,
        "narHash": "sha256-MpnWKV69IuX9LBSWMeiff9vJmZzCIQmDHi1gg0Zt1M4=",
        "owner": "kieranknowles1",
        "repo": "factorio-blueprints",
        "rev": "368e0d569f57a6f5e087223c56c969589d1e81e9",
        "type": "github"
      },
      "original": {
        "owner": "kieranknowles1",
        "repo": "factorio-blueprints",
        "type": "github"
      }
    },
    "fenix": {
      "inputs": {
        "nixpkgs": [
          "openmw",
          "nixpkgs"
        ],
        "rust-analyzer-src": "rust-analyzer-src"
      },
      "locked": {
        "lastModified": 1747392669,
        "narHash": "sha256-zky3+lndxKRu98PAwVK8kXPdg+Q1NVAhaI7YGrboKYA=",
        "owner": "nix-community",
        "repo": "fenix",
        "rev": "c3c27e603b0d9b5aac8a16236586696338856fbb",
        "type": "github"
      },
      "original": {
        "owner": "nix-community",
        "repo": "fenix",
        "type": "github"
      }
    },
    "firefox-addons": {
      "inputs": {
        "nixpkgs": [
          "nixpkgs"
        ]
      },
      "locked": {
        "dir": "pkgs/firefox-addons",
        "lastModified": 1748664200,
        "narHash": "sha256-D8sWEVVvxDBJsr8h26AGDfYjp56iKUIHCWaOKucDT2c=",
        "owner": "rycee",
        "repo": "nur-expressions",
        "rev": "b7d07ac2748936643abe8192065a2156f1a46d6e",
        "type": "gitlab"
      },
      "original": {
        "dir": "pkgs/firefox-addons",
        "owner": "rycee",
        "ref": "master",
        "repo": "nur-expressions",
        "type": "gitlab"
      }
    },
    "firefox-gnome-theme": {
      "flake": false,
      "locked": {
        "lastModified": 1744642301,
        "narHash": "sha256-5A6LL7T0lttn1vrKsNOKUk9V0ittdW0VEqh6AtefxJ4=",
        "owner": "rafaelmardojai",
        "repo": "firefox-gnome-theme",
        "rev": "59e3de00f01e5adb851d824cf7911bd90c31083a",
        "type": "github"
      },
      "original": {
        "owner": "rafaelmardojai",
        "repo": "firefox-gnome-theme",
        "type": "github"
      }
    },
    "flake-parts": {
      "inputs": {
        "nixpkgs-lib": [
          "nixpkgs"
        ]
      },
      "locked": {
        "lastModified": 1743550720,
        "narHash": "sha256-hIshGgKZCgWh6AYJpJmRgFdR3WUbkY04o82X05xqQiY=",
        "owner": "hercules-ci",
        "repo": "flake-parts",
        "rev": "c621e8422220273271f52058f618c94e405bb0f5",
        "type": "github"
      },
      "original": {
        "owner": "hercules-ci",
        "repo": "flake-parts",
        "type": "github"
      }
    },
    "flake-utils": {
      "inputs": {
        "systems": [
          "systems"
        ]
      },
      "locked": {
        "lastModified": 1731533236,
        "narHash": "sha256-l0KFg5HjrsfsO/JpG+r7fRrqm12kzFHyUHqHCVpMMbI=",
        "owner": "numtide",
        "repo": "flake-utils",
        "rev": "11707dc2f618dd54ca8739b309ec4fc024de578b",
        "type": "github"
      },
      "original": {
        "owner": "numtide",
        "repo": "flake-utils",
        "type": "github"
      }
    },
    "flake-utils-plus": {
      "inputs": {
        "flake-utils": [
          "flake-utils"
        ]
      },
      "locked": {
        "lastModified": 1738591040,
        "narHash": "sha256-4WNeriUToshQ/L5J+dTSWC5OJIwT39SEP7V7oylndi8=",
        "owner": "gytis-ivaskevicius",
        "repo": "flake-utils-plus",
        "rev": "afcb15b845e74ac5e998358709b2b5fe42a948d1",
        "type": "github"
      },
      "original": {
        "owner": "gytis-ivaskevicius",
        "repo": "flake-utils-plus",
        "type": "github"
      }
    },
    "fromYaml": {
      "flake": false,
      "locked": {
        "lastModified": 1731966426,
        "narHash": "sha256-lq95WydhbUTWig/JpqiB7oViTcHFP8Lv41IGtayokA8=",
        "owner": "SenchoPens",
        "repo": "fromYaml",
        "rev": "106af9e2f715e2d828df706c386a685698f3223b",
        "type": "github"
      },
      "original": {
        "owner": "SenchoPens",
        "repo": "fromYaml",
        "type": "github"
      }
    },
    "git-hooks": {
      "inputs": {
        "flake-compat": [
          "stylix",
          "flake-compat"
        ],
        "gitignore": "gitignore",
        "nixpkgs": [
          "stylix",
          "nixpkgs"
        ]
      },
      "locked": {
        "lastModified": 1742649964,
        "narHash": "sha256-DwOTp7nvfi8mRfuL1escHDXabVXFGT1VlPD1JHrtrco=",
        "owner": "cachix",
        "repo": "git-hooks.nix",
        "rev": "dcf5072734cb576d2b0c59b2ac44f5050b5eac82",
        "type": "github"
      },
      "original": {
        "owner": "cachix",
        "repo": "git-hooks.nix",
        "type": "github"
      }
    },
    "gitignore": {
      "inputs": {
        "nixpkgs": [
          "stylix",
          "git-hooks",
          "nixpkgs"
        ]
      },
      "locked": {
        "lastModified": 1709087332,
        "narHash": "sha256-HG2cCnktfHsKV0s4XW83gU3F57gaTljL9KNSuG6bnQs=",
        "owner": "hercules-ci",
        "repo": "gitignore.nix",
        "rev": "637db329424fd7e46cf4185293b9cc8c88c95394",
        "type": "github"
      },
      "original": {
        "owner": "hercules-ci",
        "repo": "gitignore.nix",
        "type": "github"
      }
    },
    "gnome-shell": {
      "flake": false,
      "locked": {
        "lastModified": 1744584021,
        "narHash": "sha256-0RJ4mJzf+klKF4Fuoc8VN8dpQQtZnKksFmR2jhWE1Ew=",
        "owner": "GNOME",
        "repo": "gnome-shell",
        "rev": "52c517c8f6c199a1d6f5118fae500ef69ea845ae",
        "type": "github"
      },
      "original": {
        "owner": "GNOME",
        "ref": "48.1",
        "repo": "gnome-shell",
        "type": "github"
      }
    },
    "home-manager": {
      "inputs": {
        "nixpkgs": [
          "nixpkgs"
        ]
      },
      "locked": {
        "lastModified": 1748668774,
        "narHash": "sha256-fYk/vk4ClmvHIgnGv/5GNRiDLtNCwXo9aLq36L/x+P4=",
        "owner": "nix-community",
        "repo": "home-manager",
        "rev": "60e4624302d956fe94d3f7d96a560d14d70591b9",
        "type": "github"
      },
      "original": {
        "owner": "nix-community",
        "ref": "master",
        "repo": "home-manager",
        "type": "github"
      }
    },
    "mygui": {
      "locked": {
        "lastModified": 1716480759,
        "narHash": "sha256-GuvNI8u2Dmu0FRTVzg/rQyV9BXFqyP3c65YVgI0Kiqk=",
        "owner": "Tofixrs",
        "repo": "nixpkgs",
        "rev": "8e80bc70b31e86a0c32dd41ba436b79e783255fa",
        "type": "github"
      },
      "original": {
        "owner": "Tofixrs",
        "ref": "mygui",
        "repo": "nixpkgs",
        "type": "github"
      }
    },
    "nix-index-database": {
      "inputs": {
        "nixpkgs": [
          "nixpkgs"
        ]
      },
      "locked": {
        "lastModified": 1748145500,
        "narHash": "sha256-t9fx0l61WOxtWxXCqlXPWSuG/0XMF9DtE2T7KXgMqJw=",
        "owner": "nix-community",
        "repo": "nix-index-database",
        "rev": "a98adbf54d663395df0b9929f6481d4d80fc8927",
        "type": "github"
      },
      "original": {
        "owner": "nix-community",
        "repo": "nix-index-database",
        "type": "github"
      }
    },
    "nix-select": {
      "locked": {
        "lastModified": 1745005516,
        "narHash": "sha256-IVaoOGDIvAa/8I0sdiiZuKptDldrkDWUNf/+ezIRhyc=",
        "rev": "69d8bf596194c5c35a4e90dd02c52aa530caddf8",
        "type": "tarball",
        "url": "https://git.clan.lol/api/v1/repos/clan/nix-select/archive/69d8bf596194c5c35a4e90dd02c52aa530caddf8.tar.gz"
      },
      "original": {
        "type": "tarball",
        "url": "https://git.clan.lol/clan/nix-select/archive/main.tar.gz"
      }
    },
    "nixos-cosmic": {
      "inputs": {
        "flake-compat": [],
        "nixpkgs": [
          "nixpkgs"
        ],
        "nixpkgs-stable": [
          "nixpkgs"
        ],
        "rust-overlay": "rust-overlay"
      },
      "locked": {
        "lastModified": 1748697856,
        "narHash": "sha256-RiPbZm8NbbCXVPi6WZDWabGpOA6X98nSk0GPTaPlmVA=",
        "owner": "lilyinstarlight",
        "repo": "nixos-cosmic",
        "rev": "a0b5cb4cf16f0a5f90e3b683b6be50f39ea407bf",
        "type": "github"
      },
      "original": {
        "owner": "lilyinstarlight",
        "repo": "nixos-cosmic",
        "type": "github"
      }
    },
    "nixpkgs": {
      "locked": {
        "lastModified": 1748601998,
        "narHash": "sha256-XbIdzeWUL6Htz3/EbeyY71qMxYizMUWYltWYGg6qfcI=",
        "owner": "nixos",
        "repo": "nixpkgs",
        "rev": "8ca7ec685bbee55d6dcb326abe23945c0806c39e",
        "type": "github"
      },
      "original": {
        "owner": "nixos",
        "ref": "nixpkgs-unstable",
        "repo": "nixpkgs",
        "type": "github"
      }
    },
    "nixpkgs-openmw": {
      "locked": {
        "lastModified": 1746300365,
        "narHash": "sha256-thYTdWqCRipwPRxWiTiH1vusLuAy0okjOyzRx4hLWh4=",
        "owner": "nixos",
        "repo": "nixpkgs",
        "rev": "f21e4546e3ede7ae34d12a84602a22246b31f7e0",
        "type": "github"
      },
      "original": {
        "owner": "nixos",
        "ref": "f21e4546e3ede7ae34d12a84602a22246b31f7e0",
        "repo": "nixpkgs",
        "type": "github"
      }
    },
    "nixpkgs-stable": {
      "locked": {
        "lastModified": 1735563628,
        "narHash": "sha256-OnSAY7XDSx7CtDoqNh8jwVwh4xNL/2HaJxGjryLWzX8=",
        "owner": "nixos",
        "repo": "nixpkgs",
        "rev": "b134951a4c9f3c995fd7be05f3243f8ecd65d798",
        "type": "github"
      },
      "original": {
        "owner": "nixos",
        "ref": "nixos-24.05",
        "repo": "nixpkgs",
        "type": "github"
      }
    },
    "openmw": {
      "inputs": {
        "fenix": "fenix",
        "mygui": "mygui",
        "nixpkgs": [
          "nixpkgs-openmw"
        ],
        "snowfall-lib": [
          "snowfall-lib"
        ]
      },
      "locked": {
        "lastModified": 1748391628,
        "narHash": "sha256-c/gFzYPKz7C8PTdS4j6mQshMNTgg6EsO+08BIFDpJEI=",
        "ref": "refs/heads/main",
        "rev": "5641cd17576072b1b0fc4fa0b9e47e61a7a187bf",
        "revCount": 81,
        "type": "git",
        "url": "https://codeberg.org/PopeRigby/openmw-nix.git"
      },
      "original": {
        "type": "git",
        "url": "https://codeberg.org/PopeRigby/openmw-nix.git"
      }
    },
    "root": {
      "inputs": {
        "clan-core": "clan-core",
        "factorio-blueprints": "factorio-blueprints",
        "firefox-addons": "firefox-addons",
        "flake-parts": "flake-parts",
        "flake-utils": "flake-utils",
        "flake-utils-plus": "flake-utils-plus",
        "home-manager": "home-manager",
        "nix-index-database": "nix-index-database",
        "nixos-cosmic": "nixos-cosmic",
        "nixpkgs": "nixpkgs",
        "nixpkgs-openmw": "nixpkgs-openmw",
        "nixpkgs-stable": "nixpkgs-stable",
        "openmw": "openmw",
        "snowfall-lib": "snowfall-lib",
        "sops-nix": "sops-nix",
        "src-factorio-blueprint-decoder": "src-factorio-blueprint-decoder",
        "src-openmw": "src-openmw",
        "src-tldr": "src-tldr",
        "stylix": "stylix",
        "systems": "systems",
        "treefmt-nix": "treefmt-nix",
        "vscode-extensions": "vscode-extensions"
      }
    },
    "rust-analyzer-src": {
      "flake": false,
      "locked": {
        "lastModified": 1747323949,
        "narHash": "sha256-G4NwzhODScKnXqt2mEQtDFOnI0wU3L1WxsiHX3cID/0=",
        "owner": "rust-lang",
        "repo": "rust-analyzer",
        "rev": "f8e784353bde7cbf9a9046285c1caf41ac484ebe",
        "type": "github"
      },
      "original": {
        "owner": "rust-lang",
        "ref": "nightly",
        "repo": "rust-analyzer",
        "type": "github"
      }
    },
    "rust-overlay": {
      "inputs": {
        "nixpkgs": [
          "nixos-cosmic",
          "nixpkgs"
        ]
      },
      "locked": {
        "lastModified": 1748658947,
        "narHash": "sha256-F+nGITu6D7RswJlm8qCuU1PCuOSgDeAqaDKWW1n1jmQ=",
        "owner": "oxalica",
        "repo": "rust-overlay",
        "rev": "fc82ce758cc5df6a6d5d24e75710321cdbdc787a",
        "type": "github"
      },
      "original": {
        "owner": "oxalica",
        "repo": "rust-overlay",
        "type": "github"
      }
    },
    "snowfall-lib": {
      "inputs": {
        "flake-compat": [],
        "flake-utils-plus": [
          "flake-utils-plus"
        ],
        "nixpkgs": [
          "nixpkgs"
        ]
      },
      "locked": {
        "lastModified": 1736130495,
        "narHash": "sha256-4i9nAJEZFv7vZMmrE0YG55I3Ggrtfo5/T07JEpEZ/RM=",
        "owner": "snowfallorg",
        "repo": "lib",
        "rev": "02d941739f98a09e81f3d2d9b3ab08918958beac",
        "type": "github"
      },
      "original": {
        "owner": "snowfallorg",
        "repo": "lib",
        "type": "github"
      }
    },
    "sops-nix": {
      "inputs": {
        "nixpkgs": [
          "nixpkgs"
        ]
      },
      "locked": {
        "lastModified": 1747603214,
        "narHash": "sha256-lAblXm0VwifYCJ/ILPXJwlz0qNY07DDYdLD+9H+Wc8o=",
        "owner": "Mic92",
        "repo": "sops-nix",
        "rev": "8d215e1c981be3aa37e47aeabd4e61bb069548fd",
        "type": "github"
      },
      "original": {
        "owner": "Mic92",
        "repo": "sops-nix",
        "type": "github"
      }
    },
    "src-factorio-blueprint-decoder": {
      "flake": false,
      "locked": {
        "lastModified": 1728508168,
        "narHash": "sha256-qU2MXz7S2/rJ80JCiu/kjpusY0qBk8M1K7RtaDJMl6g=",
        "owner": "kieranknowles1",
        "repo": "factorio-blueprint-decoder",
        "rev": "741959ae60f5e8b1a449365f58dcf7bc21f3ae1c",
        "type": "github"
      },
      "original": {
        "owner": "kieranknowles1",
        "ref": "turret_fix",
        "repo": "factorio-blueprint-decoder",
        "type": "github"
      }
    },
    "src-openmw": {
      "flake": false,
      "locked": {
        "lastModified": 1748712541,
        "narHash": "sha256-hgaphx2mYzGhi7FiUHFGeXhIbvew+pBhckM72osxWeU=",
        "owner": "kieranjohn1",
        "repo": "openmw",
        "rev": "03e84c4002c578636c8a77504ab81b1fb23e5654",
        "type": "gitlab"
      },
      "original": {
        "owner": "kieranjohn1",
        "repo": "openmw",
        "type": "gitlab"
      }
    },
    "src-tldr": {
      "flake": false,
      "locked": {
        "lastModified": 1748713258,
        "narHash": "sha256-LdBFSvzInVtXhNJGR6pNspo/XCi7OpEpDNghjVFIauQ=",
        "owner": "tldr-pages",
        "repo": "tldr",
        "rev": "48d64646794ce513c433dc9c21fd81ad28581c0b",
        "type": "github"
      },
      "original": {
        "owner": "tldr-pages",
        "repo": "tldr",
        "type": "github"
      }
    },
    "stylix": {
      "inputs": {
        "base16": "base16",
        "base16-fish": [],
        "base16-helix": [],
        "base16-vim": [],
        "firefox-gnome-theme": "firefox-gnome-theme",
        "flake-compat": [],
        "flake-parts": [
          "flake-parts"
        ],
        "git-hooks": "git-hooks",
        "gnome-shell": "gnome-shell",
        "home-manager": [
          "home-manager"
        ],
        "nixpkgs": [
          "nixpkgs"
        ],
        "nur": [],
        "systems": [
          "systems"
        ],
        "tinted-foot": [],
        "tinted-kitty": [],
        "tinted-schemes": [],
        "tinted-tmux": [],
        "tinted-zed": []
      },
      "locked": {
        "lastModified": 1748717073,
        "narHash": "sha256-Yxo8A7BgNpRXTrB359LyfQ0NjJuiaLIS6sTTUCulEX0=",
        "owner": "danth",
        "repo": "stylix",
        "rev": "64b9f2c2df31bb87bdd2360a2feb58c817b4d16c",
        "type": "github"
      },
      "original": {
        "owner": "danth",
        "repo": "stylix",
        "type": "github"
      }
    },
    "systems": {
      "locked": {
        "lastModified": 1689347949,
        "narHash": "sha256-12tWmuL2zgBgZkdoB6qXZsgJEH9LR3oUgpaQq2RbI80=",
        "owner": "nix-systems",
        "repo": "default-linux",
        "rev": "31732fcf5e8fea42e59c2488ad31a0e651500f68",
        "type": "github"
      },
      "original": {
        "owner": "nix-systems",
        "repo": "default-linux",
        "type": "github"
      }
    },
    "treefmt-nix": {
      "inputs": {
        "nixpkgs": [
          "nixpkgs"
        ]
      },
      "locked": {
        "lastModified": 1748243702,
        "narHash": "sha256-9YzfeN8CB6SzNPyPm2XjRRqSixDopTapaRsnTpXUEY8=",
        "owner": "numtide",
        "repo": "treefmt-nix",
        "rev": "1f3f7b784643d488ba4bf315638b2b0a4c5fb007",
        "type": "github"
      },
      "original": {
        "owner": "numtide",
        "repo": "treefmt-nix",
        "type": "github"
      }
    },
    "vscode-extensions": {
      "inputs": {
        "flake-utils": [
          "flake-utils"
        ],
        "nixpkgs": [
          "nixpkgs"
        ]
      },
      "locked": {
        "lastModified": 1748656810,
        "narHash": "sha256-oLy1QBWqpg/KIBwalt395Oq02BzZLDI4lKsF/XpDVxM=",
        "owner": "nix-community",
        "repo": "nix-vscode-extensions",
        "rev": "e082782f89fbca5c6bd346e70aa306f124fcae16",
        "type": "github"
      },
      "original": {
        "owner": "nix-community",
        "repo": "nix-vscode-extensions",
        "type": "github"
      }
    }
  },
  "root": "root",
  "version": 7
}
